
Microsoft Visual Studio Solution File, Format Version 12.00
# Visual Studio Version 16
VisualStudioVersion = 16.0.30011.22
MinimumVisualStudioVersion = 10.0.40219.1
Project("{FAE04EC0-301F-11D3-BF4B-00C04F79EFBC}") = "CustomerApi", "CustomerApi\CustomerApi.csproj", "{A446D9E7-495C-4221-B7BB-3F6FF96A1641}"
EndProject
Global
	GlobalSection(SolutionConfigurationPlatforms) = preSolution
		Debug|Any CPU = Debug|Any CPU
		Release|Any CPU = Release|Any CPU
	EndGlobalSection
	GlobalSection(ProjectConfigurationPlatforms) = postSolution
		{A446D9E7-495C-4221-B7BB-3F6FF96A1641}.Debug|Any CPU.ActiveCfg = Debug|Any CPU
		{A446D9E7-495C-4221-B7BB-3F6FF96A1641}.Debug|Any CPU.Build.0 = Debug|Any CPU
		{A446D9E7-495C-4221-B7BB-3F6FF96A1641}.Release|Any CPU.ActiveCfg = Release|Any CPU
		{A446D9E7-495C-4221-B7BB-3F6FF96A1641}.Release|Any CPU.Build.0 = Release|Any CPU
	EndGlobalSection
	GlobalSection(SolutionProperties) = preSolution
		HideSolutionNode = FALSE
	EndGlobalSection
	GlobalSection(ExtensibilityGlobals) = postSolution
		SolutionGuid = {724F81CD-8E00-4142-BDAA-1B8C20AEE450}
	EndGlobalSection
EndGlobal
